PODS:
  - AppAuth (1.3.0):
    - AppAuth/Core (= 1.3.0)
    - AppAuth/ExternalUserAgent (= 1.3.0)
  - AppAuth/Core (1.3.0)
  - AppAuth/ExternalUserAgent (1.3.0)
  - boost-for-react-native (1.63.0)
  - BoringSSL-GRPC (0.0.3):
    - BoringSSL-GRPC/Implementation (= 0.0.3)
    - BoringSSL-GRPC/Interface (= 0.0.3)
  - BoringSSL-GRPC/Implementation (0.0.3):
    - BoringSSL-GRPC/Interface (= 0.0.3)
  - BoringSSL-GRPC/Interface (0.0.3)
  - BVLinearGradient (2.5.6):
    - React
  - DoubleConversion (1.1.6)
  - FBSDKCoreKit (5.8.0):
    - FBSDKCoreKit/Basics (= 5.8.0)
    - FBSDKCoreKit/Core (= 5.8.0)
  - FBSDKCoreKit/Basics (5.8.0)
  - FBSDKCoreKit/Core (5.8.0):
    - FBSDKCoreKit/Basics
  - FBSDKLoginKit (5.8.0):
    - FBSDKLoginKit/Login (= 5.8.0)
  - FBSDKLoginKit/Login (5.8.0):
    - FBSDKCoreKit (~> 5.0)
  - FBSDKShareKit (5.8.0):
    - FBSDKShareKit/Share (= 5.8.0)
  - FBSDKShareKit/Share (5.8.0):
    - FBSDKCoreKit (~> 5.0)
  - Firebase/Auth (6.8.1):
    - Firebase/CoreOnly
    - FirebaseAuth (~> 6.2.3)
  - Firebase/Core (6.8.1):
    - Firebase/CoreOnly
    - FirebaseAnalytics (= 6.1.1)
  - Firebase/CoreOnly (6.8.1):
    - FirebaseCore (= 6.2.3)
  - Firebase/Database (6.8.1):
    - Firebase/CoreOnly
    - FirebaseDatabase (~> 6.1.0)
  - Firebase/Firestore (6.8.1):
    - Firebase/CoreOnly
    - FirebaseFirestore (~> 1.5.0)
  - Firebase/Messaging (6.8.1):
    - Firebase/CoreOnly
    - FirebaseMessaging (~> 4.1.4)
  - FirebaseAnalytics (6.1.1):
    - FirebaseCore (~> 6.2)
    - FirebaseInstanceID (~> 4.2)
    - GoogleAppMeasurement (= 6.1.1)
    - GoogleUtilities/AppDelegateSwizzler (~> 6.0)
    - GoogleUtilities/MethodSwizzler (~> 6.0)
    - GoogleUtilities/Network (~> 6.0)
    - "GoogleUtilities/NSData+zlib (~> 6.0)"
    - nanopb (~> 0.3)
  - FirebaseAnalyticsInterop (1.5.0)
  - FirebaseAuth (6.2.3):
    - FirebaseAuthInterop (~> 1.0)
    - FirebaseCore (~> 6.2)
    - GoogleUtilities/AppDelegateSwizzler (~> 6.2)
    - GoogleUtilities/Environment (~> 6.2)
    - GTMSessionFetcher/Core (~> 1.1)
  - FirebaseAuthInterop (1.1.0)
  - FirebaseCore (6.2.3):
    - FirebaseCoreDiagnostics (~> 1.0)
    - FirebaseCoreDiagnosticsInterop (~> 1.0)
    - GoogleUtilities/Environment (~> 6.2)
    - GoogleUtilities/Logger (~> 6.2)
  - FirebaseCoreDiagnostics (1.2.0):
    - FirebaseCoreDiagnosticsInterop (~> 1.2)
    - GoogleDataTransportCCTSupport (~> 1.3)
    - GoogleUtilities/Environment (~> 6.5)
    - GoogleUtilities/Logger (~> 6.5)
    - nanopb (~> 0.3.901)
  - FirebaseCoreDiagnosticsInterop (1.2.0)
  - FirebaseDatabase (6.1.4):
    - FirebaseAuthInterop (~> 1.0)
    - FirebaseCore (~> 6.0)
    - leveldb-library (~> 1.22)
  - FirebaseFirestore (1.5.1):
    - FirebaseAuthInterop (~> 1.0)
    - FirebaseCore (~> 6.2)
    - FirebaseFirestore/abseil-cpp (= 1.5.1)
    - "gRPC-C++ (= 0.0.9)"
    - leveldb-library (~> 1.22)
    - nanopb (~> 0.3.901)
    - Protobuf (~> 3.1)
  - FirebaseFirestore/abseil-cpp (1.5.1):
    - FirebaseAuthInterop (~> 1.0)
    - FirebaseCore (~> 6.2)
    - "gRPC-C++ (= 0.0.9)"
    - leveldb-library (~> 1.22)
    - nanopb (~> 0.3.901)
    - Protobuf (~> 3.1)
  - FirebaseInstanceID (4.2.7):
    - FirebaseCore (~> 6.0)
    - GoogleUtilities/Environment (~> 6.0)
    - GoogleUtilities/UserDefaults (~> 6.0)
  - FirebaseMessaging (4.1.10):
    - FirebaseAnalyticsInterop (~> 1.3)
    - FirebaseCore (~> 6.2)
    - FirebaseInstanceID (~> 4.1)
    - GoogleUtilities/AppDelegateSwizzler (~> 6.2)
    - GoogleUtilities/Environment (~> 6.2)
    - GoogleUtilities/Reachability (~> 6.2)
    - GoogleUtilities/UserDefaults (~> 6.2)
    - Protobuf (>= 3.9.2, ~> 3.9)
  - Folly (2018.10.22.00):
    - boost-for-react-native
    - DoubleConversion
    - Folly/Default (= 2018.10.22.00)
    - glog
  - Folly/Default (2018.10.22.00):
    - boost-for-react-native
    - DoubleConversion
    - glog
  - glog (0.3.5)
  - GoogleAppMeasurement (6.1.1):
    - GoogleUtilities/AppDelegateSwizzler (~> 6.0)
    - GoogleUtilities/MethodSwizzler (~> 6.0)
    - GoogleUtilities/Network (~> 6.0)
    - "GoogleUtilities/NSData+zlib (~> 6.0)"
    - nanopb (~> 0.3)
  - GoogleDataTransport (4.0.0)
  - GoogleDataTransportCCTSupport (1.4.0):
    - GoogleDataTransport (~> 4.0)
    - nanopb (~> 0.3.901)
  - GoogleSignIn (5.0.2):
    - AppAuth (~> 1.2)
    - GTMAppAuth (~> 1.0)
    - GTMSessionFetcher/Core (~> 1.1)
  - GoogleUtilities/AppDelegateSwizzler (6.5.1):
    - GoogleUtilities/Environment
    - GoogleUtilities/Logger
    - GoogleUtilities/Network
  - GoogleUtilities/Environment (6.5.1)
  - GoogleUtilities/Logger (6.5.1):
    - GoogleUtilities/Environment
  - GoogleUtilities/MethodSwizzler (6.5.1):
    - GoogleUtilities/Logger
  - GoogleUtilities/Network (6.5.1):
    - GoogleUtilities/Logger
    - "GoogleUtilities/NSData+zlib"
    - GoogleUtilities/Reachability
  - "GoogleUtilities/NSData+zlib (6.5.1)"
  - GoogleUtilities/Reachability (6.5.1):
    - GoogleUtilities/Logger
  - GoogleUtilities/UserDefaults (6.5.1):
    - GoogleUtilities/Logger
  - "gRPC-C++ (0.0.9)":
    - "gRPC-C++/Implementation (= 0.0.9)"
    - "gRPC-C++/Interface (= 0.0.9)"
  - "gRPC-C++/Implementation (0.0.9)":
    - "gRPC-C++/Interface (= 0.0.9)"
    - gRPC-Core (= 1.21.0)
    - nanopb (~> 0.3)
  - "gRPC-C++/Interface (0.0.9)"
  - gRPC-Core (1.21.0):
    - gRPC-Core/Implementation (= 1.21.0)
    - gRPC-Core/Interface (= 1.21.0)
  - gRPC-Core/Implementation (1.21.0):
    - BoringSSL-GRPC (= 0.0.3)
    - gRPC-Core/Interface (= 1.21.0)
    - nanopb (~> 0.3)
  - gRPC-Core/Interface (1.21.0)
  - GTMAppAuth (1.0.0):
    - AppAuth/Core (~> 1.0)
    - GTMSessionFetcher (~> 1.1)
  - GTMSessionFetcher (1.3.1):
    - GTMSessionFetcher/Full (= 1.3.1)
  - GTMSessionFetcher/Core (1.3.1)
  - GTMSessionFetcher/Full (1.3.1):
    - GTMSessionFetcher/Core (= 1.3.1)
  - leveldb-library (1.22)
  - nanopb (0.3.9011):
    - nanopb/decode (= 0.3.9011)
    - nanopb/encode (= 0.3.9011)
  - nanopb/decode (0.3.9011)
  - nanopb/encode (0.3.9011)
  - Permission-MediaLibrary (2.0.9):
    - RNPermissions
  - Permission-PhotoLibrary (2.0.9):
    - RNPermissions
  - Protobuf (3.11.3)
  - React (0.60.5):
    - React-Core (= 0.60.5)
    - React-DevSupport (= 0.60.5)
    - React-RCTActionSheet (= 0.60.5)
    - React-RCTAnimation (= 0.60.5)
    - React-RCTBlob (= 0.60.5)
    - React-RCTImage (= 0.60.5)
    - React-RCTLinking (= 0.60.5)
    - React-RCTNetwork (= 0.60.5)
    - React-RCTSettings (= 0.60.5)
    - React-RCTText (= 0.60.5)
    - React-RCTVibration (= 0.60.5)
    - React-RCTWebSocket (= 0.60.5)
  - React-Core (0.60.5):
    - Folly (= 2018.10.22.00)
    - React-cxxreact (= 0.60.5)
    - React-jsiexecutor (= 0.60.5)
    - yoga (= 0.60.5.React)
  - React-cxxreact (0.60.5):
    - boost-for-react-native (= 1.63.0)
    - DoubleConversion
    - Folly (= 2018.10.22.00)
    - glog
    - React-jsinspector (= 0.60.5)
  - React-DevSupport (0.60.5):
    - React-Core (= 0.60.5)
    - React-RCTWebSocket (= 0.60.5)
  - React-jsi (0.60.5):
    - boost-for-react-native (= 1.63.0)
    - DoubleConversion
    - Folly (= 2018.10.22.00)
    - glog
    - React-jsi/Default (= 0.60.5)
  - React-jsi/Default (0.60.5):
    - boost-for-react-native (= 1.63.0)
    - DoubleConversion
    - Folly (= 2018.10.22.00)
    - glog
  - React-jsiexecutor (0.60.5):
    - DoubleConversion
    - Folly (= 2018.10.22.00)
    - glog
    - React-cxxreact (= 0.60.5)
    - React-jsi (= 0.60.5)
  - React-jsinspector (0.60.5)
  - react-native-document-picker (3.2.4):
    - React
  - react-native-fbsdk (1.1.1):
    - React
    - react-native-fbsdk/Core (= 1.1.1)
    - react-native-fbsdk/Login (= 1.1.1)
    - react-native-fbsdk/Share (= 1.1.1)
  - react-native-fbsdk/Core (1.1.1):
    - FBSDKCoreKit (= 5.8)
    - React
  - react-native-fbsdk/Login (1.1.1):
    - FBSDKLoginKit (= 5.8)
    - React
  - react-native-fbsdk/Share (1.1.1):
    - FBSDKShareKit (= 5.8)
    - React
  - react-native-netinfo (5.3.2):
    - React
  - react-native-slider (2.0.5):
    - React
  - react-native-splash-screen (3.2.0):
    - React
  - react-native-track-player (1.1.8):
    - React
  - React-RCTActionSheet (0.60.5):
    - React-Core (= 0.60.5)
  - React-RCTAnimation (0.60.5):
    - React-Core (= 0.60.5)
  - React-RCTBlob (0.60.5):
    - React-Core (= 0.60.5)
    - React-RCTNetwork (= 0.60.5)
    - React-RCTWebSocket (= 0.60.5)
  - React-RCTImage (0.60.5):
    - React-Core (= 0.60.5)
    - React-RCTNetwork (= 0.60.5)
  - React-RCTLinking (0.60.5):
    - React-Core (= 0.60.5)
  - React-RCTNetwork (0.60.5):
    - React-Core (= 0.60.5)
  - React-RCTSettings (0.60.5):
    - React-Core (= 0.60.5)
  - React-RCTText (0.60.5):
    - React-Core (= 0.60.5)
  - React-RCTVibration (0.60.5):
    - React-Core (= 0.60.5)
  - React-RCTWebSocket (0.60.5):
    - React-Core (= 0.60.5)
  - RNCAsyncStorage (1.6.3):
    - React
  - RNFBApp (6.0.3):
    - Firebase/Core (~> 6.8.1)
    - React
  - RNFBAuth (6.0.3):
    - Firebase/Auth (~> 6.8.1)
    - Firebase/Core (~> 6.8.1)
    - React
    - RNFBApp
  - RNFBDatabase (6.0.3):
    - Firebase/Core (~> 6.8.1)
    - Firebase/Database (~> 6.8.1)
    - React
    - RNFBApp
  - RNFBFirestore (6.0.3):
    - Firebase/Core (~> 6.8.1)
    - Firebase/Firestore (~> 6.8.1)
    - React
    - RNFBApp
  - RNFBMessaging (6.0.3):
    - Firebase/Messaging (~> 6.8.1)
    - React
    - RNFBApp
  - RNFS (2.16.2):
    - React
  - RNGestureHandler (1.5.0):
    - React
  - RNGoogleSignin (3.0.3):
    - GoogleSignIn (~> 5.0.0)
    - React
  - RNPermissions (2.0.9):
    - React
  - RNReanimated (1.4.0):
    - React
  - RNScreens (1.0.0-alpha.23):
    - React
  - RNSVG (9.13.3):
    - React
  - RNVectorIcons (6.6.0):
    - React
  - yoga (0.60.5.React)

DEPENDENCIES:
  - BVLinearGradient (from `../node_modules/react-native-linear-gradient`)
  - DoubleConversion (from `../node_modules/react-native/third-party-podspecs/DoubleConversion.podspec`)
  - Folly (from `../node_modules/react-native/third-party-podspecs/Folly.podspec`)
  - glog (from `../node_modules/react-native/third-party-podspecs/glog.podspec`)
  - GoogleSignIn (~> 5.0.2)
  - Permission-MediaLibrary (from `../node_modules/react-native-permissions/ios/MediaLibrary.podspec`)
  - Permission-PhotoLibrary (from `../node_modules/react-native-permissions/ios/PhotoLibrary.podspec`)
  - React (from `../node_modules/react-native/`)
  - React-Core (from `../node_modules/react-native/React`)
  - React-cxxreact (from `../node_modules/react-native/ReactCommon/cxxreact`)
  - React-DevSupport (from `../node_modules/react-native/React`)
  - React-jsi (from `../node_modules/react-native/ReactCommon/jsi`)
  - React-jsiexecutor (from `../node_modules/react-native/ReactCommon/jsiexecutor`)
  - React-jsinspector (from `../node_modules/react-native/ReactCommon/jsinspector`)
  - react-native-document-picker (from `../node_modules/react-native-document-picker`)
  - react-native-fbsdk (from `../node_modules/react-native-fbsdk`)
  - "react-native-netinfo (from `../node_modules/@react-native-community/netinfo`)"
  - "react-native-slider (from `../node_modules/@react-native-community/slider`)"
  - react-native-splash-screen (from `../node_modules/react-native-splash-screen`)
  - react-native-track-player (from `../node_modules/react-native-track-player`)
  - React-RCTActionSheet (from `../node_modules/react-native/Libraries/ActionSheetIOS`)
  - React-RCTAnimation (from `../node_modules/react-native/Libraries/NativeAnimation`)
  - React-RCTBlob (from `../node_modules/react-native/Libraries/Blob`)
  - React-RCTImage (from `../node_modules/react-native/Libraries/Image`)
  - React-RCTLinking (from `../node_modules/react-native/Libraries/LinkingIOS`)
  - React-RCTNetwork (from `../node_modules/react-native/Libraries/Network`)
  - React-RCTSettings (from `../node_modules/react-native/Libraries/Settings`)
  - React-RCTText (from `../node_modules/react-native/Libraries/Text`)
  - React-RCTVibration (from `../node_modules/react-native/Libraries/Vibration`)
  - React-RCTWebSocket (from `../node_modules/react-native/Libraries/WebSocket`)
  - "RNCAsyncStorage (from `../node_modules/@react-native-community/async-storage`)"
  - "RNFBApp (from `../node_modules/@react-native-firebase/app`)"
  - "RNFBAuth (from `../node_modules/@react-native-firebase/auth`)"
  - "RNFBDatabase (from `../node_modules/@react-native-firebase/database`)"
  - "RNFBFirestore (from `../node_modules/@react-native-firebase/firestore`)"
  - "RNFBMessaging (from `../node_modules/@react-native-firebase/messaging`)"
  - RNFS (from `../node_modules/react-native-fs`)
  - RNGestureHandler (from `../node_modules/react-native-gesture-handler`)
  - "RNGoogleSignin (from `../node_modules/@react-native-community/google-signin`)"
  - RNPermissions (from `../node_modules/react-native-permissions`)
  - RNReanimated (from `../node_modules/react-native-reanimated`)
  - RNScreens (from `../node_modules/react-native-screens`)
  - RNSVG (from `../node_modules/react-native-svg`)
  - RNVectorIcons (from `../node_modules/react-native-vector-icons`)
  - yoga (from `../node_modules/react-native/ReactCommon/yoga`)

SPEC REPOS:
  trunk:
    - AppAuth
    - boost-for-react-native
    - BoringSSL-GRPC
    - FBSDKCoreKit
    - FBSDKLoginKit
    - FBSDKShareKit
    - Firebase
    - FirebaseAnalytics
    - FirebaseAnalyticsInterop
    - FirebaseAuth
    - FirebaseAuthInterop
    - FirebaseCore
    - FirebaseCoreDiagnostics
    - FirebaseCoreDiagnosticsInterop
    - FirebaseDatabase
    - FirebaseFirestore
    - FirebaseInstanceID
    - FirebaseMessaging
    - GoogleAppMeasurement
    - GoogleDataTransport
    - GoogleDataTransportCCTSupport
    - GoogleSignIn
    - GoogleUtilities
    - "gRPC-C++"
    - gRPC-Core
    - GTMAppAuth
    - GTMSessionFetcher
    - leveldb-library
    - nanopb
    - Protobuf

EXTERNAL SOURCES:
  BVLinearGradient:
    :path: "../node_modules/react-native-linear-gradient"
  DoubleConversion:
    :podspec: "../node_modules/react-native/third-party-podspecs/DoubleConversion.podspec"
  Folly:
    :podspec: "../node_modules/react-native/third-party-podspecs/Folly.podspec"
  glog:
    :podspec: "../node_modules/react-native/third-party-podspecs/glog.podspec"
  Permission-MediaLibrary:
    :path: "../node_modules/react-native-permissions/ios/MediaLibrary.podspec"
  Permission-PhotoLibrary:
    :path: "../node_modules/react-native-permissions/ios/PhotoLibrary.podspec"
  React:
    :path: "../node_modules/react-native/"
  React-Core:
    :path: "../node_modules/react-native/React"
  React-cxxreact:
    :path: "../node_modules/react-native/ReactCommon/cxxreact"
  React-DevSupport:
    :path: "../node_modules/react-native/React"
  React-jsi:
    :path: "../node_modules/react-native/ReactCommon/jsi"
  React-jsiexecutor:
    :path: "../node_modules/react-native/ReactCommon/jsiexecutor"
  React-jsinspector:
    :path: "../node_modules/react-native/ReactCommon/jsinspector"
  react-native-document-picker:
    :path: "../node_modules/react-native-document-picker"
  react-native-fbsdk:
    :path: "../node_modules/react-native-fbsdk"
  react-native-netinfo:
    :path: "../node_modules/@react-native-community/netinfo"
  react-native-slider:
    :path: "../node_modules/@react-native-community/slider"
  react-native-splash-screen:
    :path: "../node_modules/react-native-splash-screen"
  react-native-track-player:
    :path: "../node_modules/react-native-track-player"
  React-RCTActionSheet:
    :path: "../node_modules/react-native/Libraries/ActionSheetIOS"
  React-RCTAnimation:
    :path: "../node_modules/react-native/Libraries/NativeAnimation"
  React-RCTBlob:
    :path: "../node_modules/react-native/Libraries/Blob"
  React-RCTImage:
    :path: "../node_modules/react-native/Libraries/Image"
  React-RCTLinking:
    :path: "../node_modules/react-native/Libraries/LinkingIOS"
  React-RCTNetwork:
    :path: "../node_modules/react-native/Libraries/Network"
  React-RCTSettings:
    :path: "../node_modules/react-native/Libraries/Settings"
  React-RCTText:
    :path: "../node_modules/react-native/Libraries/Text"
  React-RCTVibration:
    :path: "../node_modules/react-native/Libraries/Vibration"
  React-RCTWebSocket:
    :path: "../node_modules/react-native/Libraries/WebSocket"
  RNCAsyncStorage:
    :path: "../node_modules/@react-native-community/async-storage"
  RNFBApp:
    :path: "../node_modules/@react-native-firebase/app"
  RNFBAuth:
    :path: "../node_modules/@react-native-firebase/auth"
  RNFBDatabase:
    :path: "../node_modules/@react-native-firebase/database"
  RNFBFirestore:
    :path: "../node_modules/@react-native-firebase/firestore"
  RNFBMessaging:
    :path: "../node_modules/@react-native-firebase/messaging"
  RNFS:
    :path: "../node_modules/react-native-fs"
  RNGestureHandler:
    :path: "../node_modules/react-native-gesture-handler"
  RNGoogleSignin:
    :path: "../node_modules/@react-native-community/google-signin"
  RNPermissions:
    :path: "../node_modules/react-native-permissions"
  RNReanimated:
    :path: "../node_modules/react-native-reanimated"
  RNScreens:
    :path: "../node_modules/react-native-screens"
  RNSVG:
    :path: "../node_modules/react-native-svg"
  RNVectorIcons:
    :path: "../node_modules/react-native-vector-icons"
  yoga:
    :path: "../node_modules/react-native/ReactCommon/yoga"

SPEC CHECKSUMS:
  AppAuth: 73574f3013a1e65b9601a3ddc8b3158cce68c09d
  boost-for-react-native: 39c7adb57c4e60d6c5479dd8623128eb5b3f0f2c
  BoringSSL-GRPC: db8764df3204ccea016e1c8dd15d9a9ad63ff318
  BVLinearGradient: e3aad03778a456d77928f594a649e96995f1c872
  DoubleConversion: 5805e889d232975c086db112ece9ed034df7a0b2
  FBSDKCoreKit: e7dcac0aabcfb09d0166998edd95fe3b05a0ce5d
  FBSDKLoginKit: 1b0cf04df0370b37404213157b060d6666ede814
  FBSDKShareKit: abc29e1bb4f9f59f679adf1ae191006d68455f96
  Firebase: 9cbe4e5b5eaafa05dc932be58b7c8c3820d71e88
  FirebaseAnalytics: 843c7f64a8f9c79f0d03281197ebe7bb1d58d477
  FirebaseAnalyticsInterop: 3f86269c38ae41f47afeb43ebf32a001f58fcdae
  FirebaseAuth: e7f86c2dfc57281cd01f7da5e4b40e01e4510a4a
  FirebaseAuthInterop: a0f37ae05833af156e72028f648d313f7e7592e9
  FirebaseCore: e9d9bd1dae61c1e82bc1e0e617a9d832392086a0
  FirebaseCoreDiagnostics: 5e78803ab276bc5b50340e3c539c06c3de35c649
  FirebaseCoreDiagnosticsInterop: 296e2c5f5314500a850ad0b83e9e7c10b011a850
  FirebaseDatabase: 0144e0706a4761f1b0e8679572eba8095ddb59be
  FirebaseFirestore: 5ee8bdb959541f0d55352f2d681efb03b9742a43
  FirebaseInstanceID: ebd2ea79ee38db0cb5f5167b17a0d387e1cc7b6e
  FirebaseMessaging: 089b7a4991425783384acc8bcefcd78c0af913bd
  Folly: 30e7936e1c45c08d884aa59369ed951a8e68cf51
  glog: 1f3da668190260b06b429bb211bfbee5cd790c28
  GoogleAppMeasurement: 86a82f0e1f20b8eedf8e20326530138fd71409de
  GoogleDataTransport: 47fe3b8e1673e5187dfd615656a3c5034f150d69
  GoogleDataTransportCCTSupport: 36f69887fd212db6d7ef4dd45ba44523717a434e
  GoogleSignIn: 7137d297ddc022a7e0aa4619c86d72c909fa7213
  GoogleUtilities: 06eb53bb579efe7099152735900dd04bf09e7275
  "gRPC-C++": 9dfe7b44821e7b3e44aacad2af29d2c21f7cde83
  gRPC-Core: c9aef9a261a1247e881b18059b84d597293c9947
  GTMAppAuth: 4deac854479704f348309e7b66189e604cf5e01e
  GTMSessionFetcher: cea130bbfe5a7edc8d06d3f0d17288c32ffe9925
  leveldb-library: 55d93ee664b4007aac644a782d11da33fba316f7
  nanopb: 18003b5e52dab79db540fe93fe9579f399bd1ccd
  Permission-MediaLibrary: 753f49bb6e08e34347e8a781263db44750b4b73e
  Permission-PhotoLibrary: 42d41b53adefcfa94f42fb628f143d97136120bd
  Protobuf: 0e94afe3b47cb11876eb6aee296638711a24bf75
  React: 53c53c4d99097af47cf60594b8706b4e3321e722
  React-Core: ba421f6b4f4cbe2fb17c0b6fc675f87622e78a64
  React-cxxreact: 8384287780c4999351ad9b6e7a149d9ed10a2395
  React-DevSupport: 197fb409737cff2c4f9986e77c220d7452cb9f9f
  React-jsi: 4d8c9efb6312a9725b18d6fc818ffc103f60fec2
  React-jsiexecutor: 90ad2f9db09513fc763bc757fdc3c4ff8bde2a30
  React-jsinspector: e08662d1bf5b129a3d556eb9ea343a3f40353ae4
  react-native-document-picker: c36bf5f067a581657ecaf7124dcd921a8be19061
  react-native-fbsdk: b94a83971c496a35803f38b921aec6d637ba07b5
  react-native-netinfo: 817823a90f13ced48413875c0820df04c3aae28d
  react-native-slider: 39208600e44f885e2d2c0510b5c6435a0f62d087
  react-native-splash-screen: 200d11d188e2e78cea3ad319964f6142b6384865
  react-native-track-player: 6e4e91a246efe7121cdef5a43258659a062499db
  React-RCTActionSheet: b0f1ea83f4bf75fb966eae9bfc47b78c8d3efd90
  React-RCTAnimation: 359ba1b5690b1e87cc173558a78e82d35919333e
  React-RCTBlob: 5e2b55f76e9a1c7ae52b826923502ddc3238df24
  React-RCTImage: f5f1c50922164e89bdda67bcd0153952a5cfe719
  React-RCTLinking: d0ecbd791e9ddddc41fa1f66b0255de90e8ee1e9
  React-RCTNetwork: e26946300b0ab7bb6c4a6348090e93fa21f33a9d
  React-RCTSettings: d0d37cb521b7470c998595a44f05847777cc3f42
  React-RCTText: b074d89033583d4f2eb5faf7ea2db3a13c7553a2
  React-RCTVibration: 2105b2e0e2b66a6408fc69a46c8a7fb5b2fdade0
  React-RCTWebSocket: cd932a16b7214898b6b7f788c8bddb3637246ac4
  RNCAsyncStorage: 3c304d1adfaea02ec732ac218801cb13897aa8c0
  RNFBApp: 92ae594c85e82e1e68434049b2a37e1f584cf8b9
  RNFBAuth: edc2e5986b92f0dfd0076b312caf7871a1646ed8
  RNFBDatabase: d7777fb4e6e312321a26f0ff5f5ef3a669bc2215
  RNFBFirestore: 781a0084ac0f152e859fb150bb3409a522abeee7
  RNFBMessaging: 5a82056efc1bf45a8467121d1a531feca34b9fa4
  RNFS: 0d4191b1052bef9ce70deff00a5b4169c62bbd9b
  RNGestureHandler: a4ddde1ffc6e590c8127b8b7eabfdade45475c74
  RNGoogleSignin: a10b849c165088c737d4465de6c2062f24d06002
  RNPermissions: 2f74237e97b08beda01e914301e12524ddddf5b8
  RNReanimated: b2ab0b693dddd2339bd2f300e770f6302d2e960c
  RNScreens: f28b48b8345f2f5f39ed6195518291515032a788
  RNSVG: f6177f8d7c095fada7cfee2e4bb7388ba426064c
  RNVectorIcons: 0bb4def82230be1333ddaeee9fcba45f0b288ed4
  yoga: 312528f5bbbba37b4dcea5ef00e8b4033fdd9411

PODFILE CHECKSUM: 91a246e48d6e30dcb153a4ecc9e4758891fc2cda

COCOAPODS: 1.8.4
